# THIS IS AN AUTOGENERATED FILE. DO NOT EDIT THIS FILE DIRECTLY.
# yarn lockfile v1


"@types/node-fetch@^2.5.4":
  version "2.5.4"
  resolved "https://registry.yarnpkg.com/@types/node-fetch/-/node-fetch-2.5.4.tgz#5245b6d8841fc3a6208b82291119bc11c4e0ce44"
  integrity sha512-Oz6id++2qAOFuOlE1j0ouk1dzl3mmI1+qINPNBhi9nt/gVOz0G+13Ao6qjhdF0Ys+eOkhu6JnFmt38bR3H0POQ==
  dependencies:
    "@types/node" "*"

"@types/node@*", "@types/node@^13.7.0":
  version "13.7.0"
  resolved "https://registry.yarnpkg.com/@types/node/-/node-13.7.0.tgz#b417deda18cf8400f278733499ad5547ed1abec4"
  integrity sha512-GnZbirvmqZUzMgkFn70c74OQpTTUcCzlhQliTzYjQMqg+hVKcDnxdL19Ne3UdYzdMA/+W3eb646FWn/ZaT1NfQ==

async-limiter@~1.0.0:
  version "1.0.1"
  resolved "https://registry.yarnpkg.com/async-limiter/-/async-limiter-1.0.1.tgz#dd379e94f0db8310b08291f9d64c3209766617fd"
  integrity sha512-csOlWGAcRFJaI6m+F2WKdnMKr4HhdhFVBk0H/QbJFMCr+uO2kwohwXQPxw/9OCxp05r5ghVBFSyioixx3gfkNQ==

axios@^0.21.1:
  version "0.21.1"
  resolved "https://registry.yarnpkg.com/axios/-/axios-0.21.1.tgz#22563481962f4d6bde9a76d516ef0e5d3c09b2b8"
  integrity sha512-dKQiRHxGD9PPRIUNIWvZhPTPpl1rf/OxTYKsqKUDjBwYylTvV7SjSHJb9ratfyzM6wCdLCOYLzs73qpg5c4iGA==
  dependencies:
    follow-redirects "^1.10.0"

discord.js@^11.5.1:
  version "11.5.1"
  resolved "https://registry.yarnpkg.com/discord.js/-/discord.js-11.5.1.tgz#910fb9f6410328581093e044cafb661783a4d9e8"
  integrity sha512-tGhV5xaZXE3Z+4uXJb3hYM6gQ1NmnSxp9PClcsSAYFVRzH6AJH74040mO3afPDMWEAlj8XsoPXXTJHTxesqcGw==
  dependencies:
    long "^4.0.0"
    prism-media "^0.0.3"
    snekfetch "^3.6.4"
    tweetnacl "^1.0.0"
    ws "^6.0.0"

dotenv-safe@^8.2.0:
  version "8.2.0"
  resolved "https://registry.yarnpkg.com/dotenv-safe/-/dotenv-safe-8.2.0.tgz#8d548c7318a62c09a66c4dc8c31864cc007c78ba"
  integrity sha512-uWwWWdUQkSs5a3mySDB22UtNwyEYi0JtEQu+vDzIqr9OjbDdC2Ip13PnSpi/fctqlYmzkxCeabiyCAOROuAIaA==
  dependencies:
    dotenv "^8.2.0"

dotenv@^8.2.0:
  version "8.2.0"
  resolved "https://registry.yarnpkg.com/dotenv/-/dotenv-8.2.0.tgz#97e619259ada750eea3e4ea3e26bceea5424b16a"
  integrity sha512-8sJ78ElpbDJBHNeBzUbUVLsqKdccaa/BXF1uPTw3GrvQTBgrQrtObr2mUrE38vzYd8cEv+m/JBfDLioYcfXoaw==

follow-redirects@^1.10.0:
  version "1.13.1"
  resolved "https://registry.yarnpkg.com/follow-redirects/-/follow-redirects-1.13.1.tgz#5f69b813376cee4fd0474a3aba835df04ab763b7"
  integrity sha512-SSG5xmZh1mkPGyKzjZP8zLjltIfpW32Y5QpdNJyjcfGxK3qo3NDDkZOZSFiGn1A6SclQxY9GzEwAHQ3dmYRWpg==

long@^4.0.0:
  version "4.0.0"
  resolved "https://registry.yarnpkg.com/long/-/long-4.0.0.tgz#9a7b71cfb7d361a194ea555241c92f7468d5bf28"
  integrity sha512-XsP+KhQif4bjX1kbuSiySJFNAehNxgLb6hPRGJ9QsUr8ajHkuXGdrHmFUTUUXhDwVX2R5bY4JNZEwbUiMhV+MA==

node-fetch@^2.6.0:
  version "2.6.0"
  resolved "https://registry.yarnpkg.com/node-fetch/-/node-fetch-2.6.0.tgz#e633456386d4aa55863f676a7ab0daa8fdecb0fd"
  integrity sha512-8dG4H5ujfvFiqDmVu9fQ5bOHUC15JMjMY/Zumv26oOvvVJjM67KF8koCWIabKQ1GJIa9r2mMZscBq/TbdOcmNA==

opusscript@^0.0.7:
  version "0.0.7"
  resolved "https://registry.yarnpkg.com/opusscript/-/opusscript-0.0.7.tgz#7dd7ec55b302d26bf588e6fc3feb090b8c7da856"
  integrity sha512-DcBadTdYTUuH9zQtepsLjQn4Ll6rs3dmeFvN+SD0ThPnxRBRm/WC1zXWPg+wgAJimB784gdZvUMA57gDP7FdVg==

pictograph@^2.3.0:
  version "2.3.0"
  resolved "https://registry.yarnpkg.com/pictograph/-/pictograph-2.3.0.tgz#51f38305f8c96409712a2783eec8083058f7a7ba"
  integrity sha512-4UFybCgk0jwQiZC65j4G1ejXWNDkpTd3/lx1vcNDeIIzqwRH3FrY1e8mQUg4Fge+5wOMS1GJgs06HR+DMweJUg==

prettier@^1.19.1:
  version "1.19.1"
  resolved "https://registry.yarnpkg.com/prettier/-/prettier-1.19.1.tgz#f7d7f5ff8a9cd872a7be4ca142095956a60797cb"
  integrity sha512-s7PoyDv/II1ObgQunCbB9PdLmUcBZcnWOcxDh7O0N/UwDEsHyqkW+Qh28jW+mVuCdx7gLB0BotYI1Y6uI9iyew==

prism-media@^0.0.3:
  version "0.0.3"
  resolved "https://registry.yarnpkg.com/prism-media/-/prism-media-0.0.3.tgz#8842d4fae804f099d3b48a9a38e3c2bab6f4855b"
  integrity sha512-c9KkNifSMU/iXT8FFTaBwBMr+rdVcN+H/uNv1o+CuFeTThNZNTOrQ+RgXA1yL/DeLk098duAeRPP3QNPNbhxYQ==

rangestr@0.0.1:
  version "0.0.1"
  resolved "https://registry.yarnpkg.com/rangestr/-/rangestr-0.0.1.tgz#f72ff9246f10f2a7d7c16e14616f617be2c2635a"
  integrity sha1-9y/5JG8Q8qfXwW4UYW9he+LCY1o=

rndstr@^1.0.0:
  version "1.0.0"
  resolved "https://registry.yarnpkg.com/rndstr/-/rndstr-1.0.0.tgz#77e66fa8f9b4836853fdd91e50719591bb67d349"
  integrity sha1-d+ZvqPm0g2hT/dkeUHGVkbtn00k=
  dependencies:
    rangestr "0.0.1"
    seedrandom "2.4.2"

seedrandom@2.4.2:
  version "2.4.2"
  resolved "https://registry.yarnpkg.com/seedrandom/-/seedrandom-2.4.2.tgz#18d78c41287d13aff8eadb29e235938b248aa9ff"
  integrity sha1-GNeMQSh9E6/46tsp4jWTiySKqf8=

snekfetch@^3.6.4:
  version "3.6.4"
  resolved "https://registry.yarnpkg.com/snekfetch/-/snekfetch-3.6.4.tgz#d13e80a616d892f3d38daae4289f4d258a645120"
  integrity sha512-NjxjITIj04Ffqid5lqr7XdgwM7X61c/Dns073Ly170bPQHLm6jkmelye/eglS++1nfTWktpP6Y2bFXjdPlQqdw==

transform-ts@^0.3.0:
  version "0.3.0"
  resolved "https://registry.yarnpkg.com/transform-ts/-/transform-ts-0.3.0.tgz#6bdd81abf79d3aebc03ef60ef7731ee378539b49"
  integrity sha512-8BGag7tLPt8FfNOTF1UCVyGQYv4RdbrdXxcTt6FdHSWHGAWAMwHiLjNbtxFfE057KNvs15Y7wvBHpK6r/c8LLA==

tweetnacl@^1.0.0:
  version "1.0.3"
  resolved "https://registry.yarnpkg.com/tweetnacl/-/tweetnacl-1.0.3.tgz#ac0af71680458d8a6378d0d0d050ab1407d35596"
  integrity sha512-6rt+RN7aOi1nGMyC4Xa5DdYiukl2UWCbcJft7YhxReBGQD7OAM8Pbxw6YMo4r2diNEA8FEmu32YOn9rhaiE5yw==

typescript@^3.7.5:
  version "3.7.5"
  resolved "https://registry.yarnpkg.com/typescript/-/typescript-3.7.5.tgz#0692e21f65fd4108b9330238aac11dd2e177a1ae"
  integrity sha512-/P5lkRXkWHNAbcJIiHPfRoKqyd7bsyCma1hZNUGfn20qm64T6ZBlrzprymeu918H+mB/0rIg2gGK/BXkhhYgBw==

ws@^6.0.0:
  version "6.2.1"
  resolved "https://registry.yarnpkg.com/ws/-/ws-6.2.1.tgz#442fdf0a47ed64f59b6a5d8ff130f4748ed524fb"
  integrity sha512-GIyAXC2cB7LjvpgMt9EKS2ldqr0MTrORaleiOno6TweZ6r3TKtoFQWay/2PceJ3RuBasOHzXNn5Lrw1X0bEjqA==
  dependencies:
    async-limiter "~1.0.0"
